
Microsoft Visual Studio Solution File, Format Version 12.00
# Visual Studio 15
Project("{FAE04EC0-301F-11D3-BF4B-00C04F79EFBC}") = "Final_Project_To_Hell.Plugins", "Final_Project_To_Hell.Plugins.csproj", "{5872239F-1C30-A904-84E2-FFBD5A778D1E}"
EndProject
Project("{FAE04EC0-301F-11D3-BF4B-00C04F79EFBC}") = "Final_Project_To_Hell", "Final_Project_To_Hell.csproj", "{98C7C852-4AE7-F29C-4880-29061BEDC357}"
EndProject
Project("{FAE04EC0-301F-11D3-BF4B-00C04F79EFBC}") = "Final_Project_To_Hell.Editor.Plugins", "Final_Project_To_Hell.Editor.Plugins.csproj", "{6AF7A684-70FC-25D5-090D-1EE1FEB78201}"
EndProject
Global
	GlobalSection(SolutionConfigurationPlatforms) = preSolution
		Debug|Any CPU = Debug|Any CPU
		Release|Any CPU = Release|Any CPU
	EndGlobalSection
	GlobalSection(ProjectConfigurationPlatforms) = postSolution
		{5872239F-1C30-A904-84E2-FFBD5A778D1E}.Debug|Any CPU.ActiveCfg = Debug|Any CPU
		{5872239F-1C30-A904-84E2-FFBD5A778D1E}.Debug|Any CPU.Build.0 = Debug|Any CPU
		{5872239F-1C30-A904-84E2-FFBD5A778D1E}.Release|Any CPU.ActiveCfg = Release|Any CPU
		{5872239F-1C30-A904-84E2-FFBD5A778D1E}.Release|Any CPU.Build.0 = Release|Any CPU
		{98C7C852-4AE7-F29C-4880-29061BEDC357}.Debug|Any CPU.ActiveCfg = Debug|Any CPU
		{98C7C852-4AE7-F29C-4880-29061BEDC357}.Debug|Any CPU.Build.0 = Debug|Any CPU
		{98C7C852-4AE7-F29C-4880-29061BEDC357}.Release|Any CPU.ActiveCfg = Release|Any CPU
		{98C7C852-4AE7-F29C-4880-29061BEDC357}.Release|Any CPU.Build.0 = Release|Any CPU
		{6AF7A684-70FC-25D5-090D-1EE1FEB78201}.Debug|Any CPU.ActiveCfg = Debug|Any CPU
		{6AF7A684-70FC-25D5-090D-1EE1FEB78201}.Debug|Any CPU.Build.0 = Debug|Any CPU
		{6AF7A684-70FC-25D5-090D-1EE1FEB78201}.Release|Any CPU.ActiveCfg = Release|Any CPU
		{6AF7A684-70FC-25D5-090D-1EE1FEB78201}.Release|Any CPU.Build.0 = Release|Any CPU
	EndGlobalSection
	GlobalSection(SolutionProperties) = preSolution
		HideSolutionNode = FALSE
	EndGlobalSection
EndGlobal
